
Microsoft Visual Studio Solution File, Format Version 12.00
# Visual Studio Version 17
VisualStudioVersion = 17.8.34525.116
MinimumVisualStudioVersion = 10.0.40219.1
Project("{8BC9CEB8-8B4A-11D0-8D11-00A0C91BC942}") = "PPLDescriber", "PPLDescriber\PPLDescriber.vcxproj", "{69163931-A60F-40A5-A070-877BE1384EC0}"
EndProject
Global
	GlobalSection(SolutionConfigurationPlatforms) = preSolution
		Debug|x64 = Debug|x64
		Debug|x86 = Debug|x86
		Release|x64 = Release|x64
		Release|x86 = Release|x86
	EndGlobalSection
	GlobalSection(ProjectConfigurationPlatforms) = postSolution
		{69163931-A60F-40A5-A070-877BE1384EC0}.Debug|x64.ActiveCfg = Debug|x64
		{69163931-A60F-40A5-A070-877BE1384EC0}.Debug|x64.Build.0 = Debug|x64
		{69163931-A60F-40A5-A070-877BE1384EC0}.Debug|x86.ActiveCfg = Debug|Win32
		{69163931-A60F-40A5-A070-877BE1384EC0}.Debug|x86.Build.0 = Debug|Win32
		{69163931-A60F-40A5-A070-877BE1384EC0}.Release|x64.ActiveCfg = Release|x64
		{69163931-A60F-40A5-A070-877BE1384EC0}.Release|x64.Build.0 = Release|x64
		{69163931-A60F-40A5-A070-877BE1384EC0}.Release|x86.ActiveCfg = Release|Win32
		{69163931-A60F-40A5-A070-877BE1384EC0}.Release|x86.Build.0 = Release|Win32
	EndGlobalSection
	GlobalSection(SolutionProperties) = preSolution
		HideSolutionNode = FALSE
	EndGlobalSection
	GlobalSection(ExtensibilityGlobals) = postSolution
		SolutionGuid = {F780D922-CE97-494A-AF6E-13F7E0360FFF}
	EndGlobalSection
EndGlobal
